
Microsoft Visual Studio Solution File, Format Version 12.00
# Visual Studio Version 16
VisualStudioVersion = 16.0.29215.179
MinimumVisualStudioVersion = 10.0.40219.1
Project("{8BC9CEB8-8B4A-11D0-8D11-00A0C91BC942}") = "LinkedList", "LinkedList\LinkedList.vcxproj", "{51A93D84-0CE6-4A42-86B3-1D4C6D541B9F}"
EndProject
Global
	GlobalSection(SolutionConfigurationPlatforms) = preSolution
		Debug|x64 = Debug|x64
		Debug|x86 = Debug|x86
		Release|x64 = Release|x64
		Release|x86 = Release|x86
	EndGlobalSection
	GlobalSection(ProjectConfigurationPlatforms) = postSolution
		{51A93D84-0CE6-4A42-86B3-1D4C6D541B9F}.Debug|x64.ActiveCfg = Debug|x64
		{51A93D84-0CE6-4A42-86B3-1D4C6D541B9F}.Debug|x64.Build.0 = Debug|x64
		{51A93D84-0CE6-4A42-86B3-1D4C6D541B9F}.Debug|x86.ActiveCfg = Debug|Win32
		{51A93D84-0CE6-4A42-86B3-1D4C6D541B9F}.Debug|x86.Build.0 = Debug|Win32
		{51A93D84-0CE6-4A42-86B3-1D4C6D541B9F}.Release|x64.ActiveCfg = Release|x64
		{51A93D84-0CE6-4A42-86B3-1D4C6D541B9F}.Release|x64.Build.0 = Release|x64
		{51A93D84-0CE6-4A42-86B3-1D4C6D541B9F}.Release|x86.ActiveCfg = Release|Win32
		{51A93D84-0CE6-4A42-86B3-1D4C6D541B9F}.Release|x86.Build.0 = Release|Win32
	EndGlobalSection
	GlobalSection(SolutionProperties) = preSolution
		HideSolutionNode = FALSE
	EndGlobalSection
	GlobalSection(ExtensibilityGlobals) = postSolution
		SolutionGuid = {A5C67BC8-01A8-4A92-A21A-299ED56608E3}
	EndGlobalSection
EndGlobal
